#
# This file is autogenerated by pip-compile with Python 3.12
# by the following command:
#
#    pip-compile --output-file=requirements.lock requirements.txt
#
agent-framework-core==1.12.0
    # via
    #   -r requirements.txt
    #   agent-framework-openai
agent-framework-openai==1.10.2
    # via -r requirements.txt
aiohappyeyeballs==2.7.1
    # via aiohttp
aiohttp==3.14.2
    # via microsoft-kiota-authentication-azure
aiosignal==1.4.0
    # via aiohttp
aiosqlite==0.22.1
    # via -r requirements.txt
altair==6.2.2
    # via streamlit
annotated-doc==0.0.4
    # via fastapi
annotated-types==0.7.0
    # via pydantic
anyio==4.14.2
    # via
    #   httpx
    #   openai
    #   starlette
    #   streamlit
    #   watchfiles
apscheduler==3.11.3
    # via -r requirements.txt
attrs==26.1.0
    # via
    #   aiohttp
    #   jsonschema
    #   referencing
azure-core==1.41.0
    # via
    #   azure-identity
    #   microsoft-kiota-authentication-azure
azure-identity==1.25.3
    # via
    #   -r requirements.txt
    #   msgraph-sdk
beautifulsoup4==4.15.0
    # via
    #   -r requirements.txt
    #   markdownify
blinker==1.9.0
    # via streamlit
brotli==1.2.0
    # via httpx
certifi==2026.7.22
    # via
    #   httpcore
    #   httpx
    #   requests
cffi==2.1.0
    # via cryptography
charset-normalizer==3.4.9
    # via
    #   pdfminer-six
    #   requests
click==8.4.2
    # via
    #   ddgs
    #   streamlit
    #   uvicorn
cryptography==49.0.0
    # via
    #   azure-identity
    #   msal
    #   pdfminer-six
    #   pyjwt
ddgs==9.14.4
    # via -r requirements.txt
distro==1.9.0
    # via openai
et-xmlfile==2.0.0
    # via openpyxl
fake-useragent==2.2.0
    # via ddgs
fastapi==0.139.2
    # via -r requirements.txt
frozenlist==1.8.0
    # via
    #   aiohttp
    #   aiosignal
gitdb==4.0.12
    # via gitpython
gitpython==3.1.54
    # via streamlit
h11==0.16.0
    # via
    #   httpcore
    #   uvicorn
h2==4.3.0
    # via httpx
hpack==4.2.0
    # via h2
httpcore==1.0.9
    # via httpx
httptools==0.8.0
    # via
    #   streamlit
    #   uvicorn
httpx[brotli,http2,socks]==0.28.1
    # via
    #   -r requirements.txt
    #   ddgs
    #   microsoft-kiota-http
    #   msgraph-core
    #   openai
hyperframe==6.1.0
    # via h2
idna==3.18
    # via
    #   anyio
    #   httpx
    #   requests
    #   yarl
itsdangerous==2.2.0
    # via streamlit
jinja2==3.1.6
    # via
    #   altair
    #   pydeck
jiter==0.16.0
    # via openai
jsonschema==4.26.0
    # via altair
jsonschema-specifications==2025.9.1
    # via jsonschema
lxml==6.1.1
    # via
    #   ddgs
    #   python-docx
markdownify==1.2.3
    # via -r requirements.txt
markupsafe==3.0.3
    # via jinja2
microsoft-kiota-abstractions==1.11.7
    # via
    #   microsoft-kiota-authentication-azure
    #   microsoft-kiota-http
    #   microsoft-kiota-serialization-form
    #   microsoft-kiota-serialization-json
    #   microsoft-kiota-serialization-multipart
    #   microsoft-kiota-serialization-text
    #   msgraph-core
microsoft-kiota-authentication-azure==1.11.7
    # via msgraph-core
microsoft-kiota-http==1.11.7
    # via msgraph-core
microsoft-kiota-serialization-form==1.11.7
    # via msgraph-sdk
microsoft-kiota-serialization-json==1.11.7
    # via msgraph-sdk
microsoft-kiota-serialization-multipart==1.11.7
    # via msgraph-sdk
microsoft-kiota-serialization-text==1.11.7
    # via msgraph-sdk
msal==1.37.0
    # via
    #   -r requirements.txt
    #   azure-identity
    #   msal-extensions
msal-extensions==1.3.1
    # via azure-identity
msgraph-core==1.5.1
    # via msgraph-sdk
msgraph-sdk==1.60.0
    # via -r requirements.txt
multidict==6.7.1
    # via
    #   aiohttp
    #   yarl
narwhals==2.24.0
    # via
    #   altair
    #   plotly
numpy==2.5.1
    # via
    #   pandas
    #   pydeck
    #   streamlit
oauthlib==3.3.1
    # via
    #   requests-oauthlib
    #   tweepy
openai==2.25.0
    # via
    #   -r requirements.txt
    #   agent-framework-openai
openpyxl==3.1.5
    # via -r requirements.txt
opentelemetry-api==1.44.0
    # via
    #   agent-framework-core
    #   microsoft-kiota-abstractions
    #   microsoft-kiota-authentication-azure
    #   microsoft-kiota-http
    #   opentelemetry-sdk
    #   opentelemetry-semantic-conventions
opentelemetry-sdk==1.44.0
    # via
    #   microsoft-kiota-abstractions
    #   microsoft-kiota-authentication-azure
    #   microsoft-kiota-http
opentelemetry-semantic-conventions==0.65b0
    # via opentelemetry-sdk
packaging==26.2
    # via
    #   altair
    #   plotly
    #   streamlit
pandas==3.0.3
    # via
    #   -r requirements.txt
    #   streamlit
pdfminer-six==20260107
    # via pdfplumber
pdfplumber==0.11.10
    # via -r requirements.txt
pillow==12.3.0
    # via
    #   pdfplumber
    #   streamlit
plotly==6.9.0
    # via -r requirements.txt
primp==1.3.1
    # via ddgs
propcache==0.5.2
    # via
    #   aiohttp
    #   yarl
protobuf==7.35.1
    # via streamlit
pyarrow==24.0.0
    # via streamlit
pycparser==3.0
    # via cffi
pydantic==2.13.4
    # via
    #   -r requirements.txt
    #   agent-framework-core
    #   fastapi
    #   openai
pydantic-core==2.46.4
    # via pydantic
pydeck==0.9.3
    # via streamlit
pyjwt[crypto]==2.13.0
    # via
    #   msal
    #   pyjwt
pypdfium2==5.12.1
    # via pdfplumber
python-dateutil==2.9.0.post0
    # via pandas
python-docx==1.2.0
    # via -r requirements.txt
python-dotenv==1.2.2
    # via
    #   -r requirements.txt
    #   agent-framework-core
    #   uvicorn
python-multipart==0.0.32
    # via streamlit
pyyaml==6.0.3
    # via
    #   -r requirements.txt
    #   uvicorn
referencing==0.37.0
    # via
    #   jsonschema
    #   jsonschema-specifications
requests==2.34.2
    # via
    #   -r requirements.txt
    #   azure-core
    #   msal
    #   requests-oauthlib
    #   streamlit
    #   tweepy
requests-oauthlib==2.0.0
    # via
    #   -r requirements.txt
    #   tweepy
rpds-py==2026.6.3
    # via
    #   jsonschema
    #   referencing
six==1.17.0
    # via
    #   markdownify
    #   python-dateutil
smmap==5.0.3
    # via gitdb
sniffio==1.3.1
    # via openai
socksio==1.0.0
    # via httpx
soupsieve==2.9.1
    # via beautifulsoup4
starlette==1.3.1
    # via
    #   fastapi
    #   streamlit
std-uritemplate==2.0.12
    # via microsoft-kiota-abstractions
streamlit==1.60.0
    # via -r requirements.txt
tenacity==9.1.4
    # via streamlit
toml==0.10.2
    # via streamlit
tqdm==4.69.0
    # via openai
tweepy==4.17.0
    # via -r requirements.txt
typing-extensions==4.16.0
    # via
    #   agent-framework-core
    #   aiohttp
    #   aiosignal
    #   altair
    #   anyio
    #   azure-core
    #   azure-identity
    #   beautifulsoup4
    #   fastapi
    #   openai
    #   opentelemetry-api
    #   opentelemetry-sdk
    #   opentelemetry-semantic-conventions
    #   pydantic
    #   pydantic-core
    #   python-docx
    #   referencing
    #   starlette
    #   streamlit
    #   typing-inspection
typing-inspection==0.4.2
    # via
    #   fastapi
    #   pydantic
tzlocal==5.4.4
    # via apscheduler
urllib3==2.7.0
    # via requests
uvicorn[standard]==0.51.0
    # via
    #   -r requirements.txt
    #   streamlit
uvloop==0.22.1
    # via uvicorn
watchdog==6.0.0
    # via streamlit
watchfiles==1.2.0
    # via uvicorn
websockets==16.1.1
    # via
    #   streamlit
    #   uvicorn
yarl==1.24.5
    # via aiohttp
